version = 1
revision = 1
requires-python = ">=3.13"

[[package]]
name = "comtypes"
version = "1.4.12"
source = { registry = "https://pypi.org/simple" }
sdist = { url = "https://files.pythonhosted.org/packages/b6/b8/3af03195b9de515448292169c6d6d7a630de02bedf891a47b809638c186f/comtypes-1.4.12.zip", hash = "sha256:3ff06c442c2de8a2b25785407f244eb5b6f809d21cf068a855071ba80a76876f", size = 280541 }
wheels = [
    { url = "https://files.pythonhosted.org/packages/2d/01/89285549c5138009db68f26c80f2174d0ec82a858547df0cc40a8b0a47d6/comtypes-1.4.12-py3-none-any.whl", hash = "sha256:e0fa9cc19c489fa7feea4c1710f4575c717e2673edef5b99bf99efd507908e44", size = 253704 },
]

[[package]]
name = "django-environ"
version = "0.12.0"
source = { registry = "https://pypi.org/simple" }
sdist = { url = "https://files.pythonhosted.org/packages/d6/04/65d2521842c42f4716225f20d8443a50804920606aec018188bbee30a6b0/django_environ-0.12.0.tar.gz", hash = "sha256:227dc891453dd5bde769c3449cf4a74b6f2ee8f7ab2361c93a07068f4179041a", size = 56804 }
wheels = [
    { url = "https://files.pythonhosted.org/packages/83/b3/0a3bec4ecbfee960f39b1842c2f91e4754251e0a6ed443db9fe3f666ba8f/django_environ-0.12.0-py2.py3-none-any.whl", hash = "sha256:92fb346a158abda07ffe6eb23135ce92843af06ecf8753f43adf9d2366dcc0ca", size = 19957 },
]

[[package]]
name = "ninjatrader-auto-export"
version = "0.1.0"
source = { virtual = "." }
dependencies = [
    { name = "django-environ" },
    { name = "pywinauto" },
]

[package.metadata]
requires-dist = [
    { name = "django-environ", specifier = ">=0.12.0" },
    { name = "pywinauto", specifier = ">=0.6.9" },
]

[[package]]
name = "python-xlib"
version = "0.33"
source = { registry = "https://pypi.org/simple" }
dependencies = [
    { name = "six" },
]
sdist = { url = "https://files.pythonhosted.org/packages/86/f5/8c0653e5bb54e0cbdfe27bf32d41f27bc4e12faa8742778c17f2a71be2c0/python-xlib-0.33.tar.gz", hash = "sha256:55af7906a2c75ce6cb280a584776080602444f75815a7aff4d287bb2d7018b32", size = 269068 }
wheels = [
    { url = "https://files.pythonhosted.org/packages/fc/b8/ff33610932e0ee81ae7f1269c890f697d56ff74b9f5b2ee5d9b7fa2c5355/python_xlib-0.33-py2.py3-none-any.whl", hash = "sha256:c3534038d42e0df2f1392a1b30a15a4ff5fdc2b86cfa94f072bf11b10a164398", size = 182185 },
]

[[package]]
name = "pywin32"
version = "311"
source = { registry = "https://pypi.org/simple" }
wheels = [
    { url = "https://files.pythonhosted.org/packages/a5/be/3fd5de0979fcb3994bfee0d65ed8ca9506a8a1260651b86174f6a86f52b3/pywin32-311-cp313-cp313-win32.whl", hash = "sha256:f95ba5a847cba10dd8c4d8fefa9f2a6cf283b8b88ed6178fa8a6c1ab16054d0d", size = 8705700 },
    { url = "https://files.pythonhosted.org/packages/e3/28/e0a1909523c6890208295a29e05c2adb2126364e289826c0a8bc7297bd5c/pywin32-311-cp313-cp313-win_amd64.whl", hash = "sha256:718a38f7e5b058e76aee1c56ddd06908116d35147e133427e59a3983f703a20d", size = 9494700 },
    { url = "https://files.pythonhosted.org/packages/04/bf/90339ac0f55726dce7d794e6d79a18a91265bdf3aa70b6b9ca52f35e022a/pywin32-311-cp313-cp313-win_arm64.whl", hash = "sha256:7b4075d959648406202d92a2310cb990fea19b535c7f4a78d3f5e10b926eeb8a", size = 8709318 },
    { url = "https://files.pythonhosted.org/packages/c9/31/097f2e132c4f16d99a22bfb777e0fd88bd8e1c634304e102f313af69ace5/pywin32-311-cp314-cp314-win32.whl", hash = "sha256:b7a2c10b93f8986666d0c803ee19b5990885872a7de910fc460f9b0c2fbf92ee", size = 8840714 },
    { url = "https://files.pythonhosted.org/packages/90/4b/07c77d8ba0e01349358082713400435347df8426208171ce297da32c313d/pywin32-311-cp314-cp314-win_amd64.whl", hash = "sha256:3aca44c046bd2ed8c90de9cb8427f581c479e594e99b5c0bb19b29c10fd6cb87", size = 9656800 },
    { url = "https://files.pythonhosted.org/packages/c0/d2/21af5c535501a7233e734b8af901574572da66fcc254cb35d0609c9080dd/pywin32-311-cp314-cp314-win_arm64.whl", hash = "sha256:a508e2d9025764a8270f93111a970e1d0fbfc33f4153b388bb649b7eec4f9b42", size = 8932540 },
]

[[package]]
name = "pywinauto"
version = "0.6.9"
source = { registry = "https://pypi.org/simple" }
dependencies = [
    { name = "comtypes", marker = "sys_platform == 'win32'" },
    { name = "python-xlib", marker = "sys_platform == 'linux'" },
    { name = "pywin32", marker = "sys_platform == 'win32'" },
    { name = "six" },
]
sdist = { url = "https://files.pythonhosted.org/packages/2c/85/cc65e3b64e7473cc86c07f0b5c415d509402c03ef19dadc39c583835eb5f/pywinauto-0.6.9.tar.gz", hash = "sha256:94d710bfa796df245250f952ffa65d97233d9807bcd42e052b71b81af469b6de", size = 434734 }
wheels = [
    { url = "https://files.pythonhosted.org/packages/44/46/f2283648e0c237af451dc50ebc42121abfd198d12391fd9ad4df1c6b97d2/pywinauto-0.6.9-py2.py3-none-any.whl", hash = "sha256:5924b3072864a1d730c5546bbeb17cf4063ba518b618dbc5e43c18276c7c9356", size = 363041 },
]

[[package]]
name = "six"
version = "1.17.0"
source = { registry = "https://pypi.org/simple" }
sdist = { url = "https://files.pythonhosted.org/packages/94/e7/b2c673351809dca68a0e064b6af791aa332cf192da575fd474ed7d6f16a2/six-1.17.0.tar.gz", hash = "sha256:ff70335d468e7eb6ec65b95b99d3a2836546063f63acc5171de367e834932a81", size = 34031 }
wheels = [
    { url = "https://files.pythonhosted.org/packages/b7/ce/149a00dd41f10bc29e5921b496af8b574d8413afcd5e30dfa0ed46c2cc5e/six-1.17.0-py2.py3-none-any.whl", hash = "sha256:4721f391ed90541fddacab5acf947aa0d3dc7d27b2e1e8eda2be8970586c3274", size = 11050 },
]
